
Microsoft Visual Studio Solution File, Format Version 12.00
# Visual Studio Version 17
VisualStudioVersion = 17.10.35013.160
MinimumVisualStudioVersion = 10.0.40219.1
Project("{9A19103F-16F7-4668-BE54-9A1E7A4F7556}") = "Course", "Course\Course.csproj", "{518CE2A9-6016-41EA-B10D-05003C13113F}"
EndProject
Project("{9A19103F-16F7-4668-BE54-9A1E7A4F7556}") = "ExercicioFixacao", "ExercicioFixacao\ExercicioFixacao.csproj", "{A8A92FDD-B632-461E-A633-463A2588F7EB}"
EndProject
Project("{9A19103F-16F7-4668-BE54-9A1E7A4F7556}") = "Aritimeticos", "Operadores\Aritimeticos.csproj", "{81699989-D938-45FC-9D04-91CE276ECCA2}"
EndProject
Project("{9A19103F-16F7-4668-BE54-9A1E7A4F7556}") = "EntradaDeDados", "EntradaDeDados\EntradaDeDados.csproj", "{FD02C93F-2FC1-4DF3-81BE-4F00723F5ED7}"
EndProject
Project("{9A19103F-16F7-4668-BE54-9A1E7A4F7556}") = "ExercicioFixacaoEntradaDeDados", "ExercicioFixacaoEntradaDeDados\ExercicioFixacaoEntradaDeDados.csproj", "{168C0F2A-0F1B-4313-9AE3-DBB796D4A072}"
EndProject
Project("{9A19103F-16F7-4668-BE54-9A1E7A4F7556}") = "EstruturaSequencialEx1", "EstruturaSequencialEx1\EstruturaSequencialEx1.csproj", "{021BD3AE-B631-4646-8EC1-C17E84FA6E46}"
EndProject
Project("{9A19103F-16F7-4668-BE54-9A1E7A4F7556}") = "ExercicioSequencialEx2", "ExercicioSequencialEx2\ExercicioSequencialEx2.csproj", "{E823026A-DE12-4868-82BF-A92C723749BC}"
EndProject
Project("{9A19103F-16F7-4668-BE54-9A1E7A4F7556}") = "ExercicioSequencialEx3", "ExercicioSequencialEx3\ExercicioSequencialEx3.csproj", "{EB4518AB-9C90-455C-B35A-C5A2DEFFE12C}"
EndProject
Project("{9A19103F-16F7-4668-BE54-9A1E7A4F7556}") = "ExercicioSequencialEx4", "ExercicioSequencialEx4\ExercicioSequencialEx4.csproj", "{648A3E42-572F-4B48-BDDF-055101FC9CA3}"
EndProject
Project("{9A19103F-16F7-4668-BE54-9A1E7A4F7556}") = "ExercicoSequencial5", "ExercicoSequencial5\ExercicoSequencial5.csproj", "{762C680D-3AED-41C0-82EA-87EDEA87D0E8}"
EndProject
Project("{9A19103F-16F7-4668-BE54-9A1E7A4F7556}") = "ExercicioSequencia6", "ExercicioSequencia6\ExercicioSequencia6.csproj", "{DA203973-39AE-4D2A-BE60-3C145963C64C}"
EndProject
Project("{2150E333-8FDC-42A3-9474-1A3956D46DE8}") = "Curso", "Curso", "{8AF44985-CCCF-4447-B9C5-AA91A5BE9F38}"
EndProject
Project("{2150E333-8FDC-42A3-9474-1A3956D46DE8}") = "Exercicios", "Exercicios", "{8216D1EE-C689-49FB-BA65-99D04F5829A3}"
EndProject
Project("{2150E333-8FDC-42A3-9474-1A3956D46DE8}") = "Operators", "Operators", "{69D266B4-68E5-451C-99D5-DDA59DC48D0F}"
EndProject
Project("{9A19103F-16F7-4668-BE54-9A1E7A4F7556}") = "Comparativos", "Comparativos\Comparativos.csproj", "{A4E26B1A-0194-4B72-AAA5-36F24D4D2CF7}"
EndProject
Project("{2150E333-8FDC-42A3-9474-1A3956D46DE8}") = "Estruturasequencial", "Estruturasequencial", "{A4D6ADD7-8634-465A-9F7B-C29549FA8C10}"
EndProject
Project("{2150E333-8FDC-42A3-9474-1A3956D46DE8}") = "EntradaDados", "EntradaDados", "{A95F8CA7-E595-405C-B3A5-7325247A8AC7}"
EndProject
Project("{FAE04EC0-301F-11D3-BF4B-00C04F79EFBC}") = "Logico", "Logico\Logico.csproj", "{B64719B4-1D64-4CAE-8C8D-535260F76A0D}"
EndProject
Global
	GlobalSection(SolutionConfigurationPlatforms) = preSolution
		Debug|Any CPU = Debug|Any CPU
		Release|Any CPU = Release|Any CPU
	EndGlobalSection
	GlobalSection(ProjectConfigurationPlatforms) = postSolution
		{518CE2A9-6016-41EA-B10D-05003C13113F}.Debug|Any CPU.ActiveCfg = Debug|Any CPU
		{518CE2A9-6016-41EA-B10D-05003C13113F}.Debug|Any CPU.Build.0 = Debug|Any CPU
		{518CE2A9-6016-41EA-B10D-05003C13113F}.Release|Any CPU.ActiveCfg = Release|Any CPU
		{518CE2A9-6016-41EA-B10D-05003C13113F}.Release|Any CPU.Build.0 = Release|Any CPU
		{A8A92FDD-B632-461E-A633-463A2588F7EB}.Debug|Any CPU.ActiveCfg = Debug|Any CPU
		{A8A92FDD-B632-461E-A633-463A2588F7EB}.Debug|Any CPU.Build.0 = Debug|Any CPU
		{A8A92FDD-B632-461E-A633-463A2588F7EB}.Release|Any CPU.ActiveCfg = Release|Any CPU
		{A8A92FDD-B632-461E-A633-463A2588F7EB}.Release|Any CPU.Build.0 = Release|Any CPU
		{81699989-D938-45FC-9D04-91CE276ECCA2}.Debug|Any CPU.ActiveCfg = Debug|Any CPU
		{81699989-D938-45FC-9D04-91CE276ECCA2}.Debug|Any CPU.Build.0 = Debug|Any CPU
		{81699989-D938-45FC-9D04-91CE276ECCA2}.Release|Any CPU.ActiveCfg = Release|Any CPU
		{81699989-D938-45FC-9D04-91CE276ECCA2}.Release|Any CPU.Build.0 = Release|Any CPU
		{FD02C93F-2FC1-4DF3-81BE-4F00723F5ED7}.Debug|Any CPU.ActiveCfg = Debug|Any CPU
		{FD02C93F-2FC1-4DF3-81BE-4F00723F5ED7}.Debug|Any CPU.Build.0 = Debug|Any CPU
		{FD02C93F-2FC1-4DF3-81BE-4F00723F5ED7}.Release|Any CPU.ActiveCfg = Release|Any CPU
		{FD02C93F-2FC1-4DF3-81BE-4F00723F5ED7}.Release|Any CPU.Build.0 = Release|Any CPU
		{168C0F2A-0F1B-4313-9AE3-DBB796D4A072}.Debug|Any CPU.ActiveCfg = Debug|Any CPU
		{168C0F2A-0F1B-4313-9AE3-DBB796D4A072}.Debug|Any CPU.Build.0 = Debug|Any CPU
		{168C0F2A-0F1B-4313-9AE3-DBB796D4A072}.Release|Any CPU.ActiveCfg = Release|Any CPU
		{168C0F2A-0F1B-4313-9AE3-DBB796D4A072}.Release|Any CPU.Build.0 = Release|Any CPU
		{021BD3AE-B631-4646-8EC1-C17E84FA6E46}.Debug|Any CPU.ActiveCfg = Debug|Any CPU
		{021BD3AE-B631-4646-8EC1-C17E84FA6E46}.Debug|Any CPU.Build.0 = Debug|Any CPU
		{021BD3AE-B631-4646-8EC1-C17E84FA6E46}.Release|Any CPU.ActiveCfg = Release|Any CPU
		{021BD3AE-B631-4646-8EC1-C17E84FA6E46}.Release|Any CPU.Build.0 = Release|Any CPU
		{E823026A-DE12-4868-82BF-A92C723749BC}.Debug|Any CPU.ActiveCfg = Debug|Any CPU
		{E823026A-DE12-4868-82BF-A92C723749BC}.Debug|Any CPU.Build.0 = Debug|Any CPU
		{E823026A-DE12-4868-82BF-A92C723749BC}.Release|Any CPU.ActiveCfg = Release|Any CPU
		{E823026A-DE12-4868-82BF-A92C723749BC}.Release|Any CPU.Build.0 = Release|Any CPU
		{EB4518AB-9C90-455C-B35A-C5A2DEFFE12C}.Debug|Any CPU.ActiveCfg = Debug|Any CPU
		{EB4518AB-9C90-455C-B35A-C5A2DEFFE12C}.Debug|Any CPU.Build.0 = Debug|Any CPU
		{EB4518AB-9C90-455C-B35A-C5A2DEFFE12C}.Release|Any CPU.ActiveCfg = Release|Any CPU
		{EB4518AB-9C90-455C-B35A-C5A2DEFFE12C}.Release|Any CPU.Build.0 = Release|Any CPU
		{648A3E42-572F-4B48-BDDF-055101FC9CA3}.Debug|Any CPU.ActiveCfg = Debug|Any CPU
		{648A3E42-572F-4B48-BDDF-055101FC9CA3}.Debug|Any CPU.Build.0 = Debug|Any CPU
		{648A3E42-572F-4B48-BDDF-055101FC9CA3}.Release|Any CPU.ActiveCfg = Release|Any CPU
		{648A3E42-572F-4B48-BDDF-055101FC9CA3}.Release|Any CPU.Build.0 = Release|Any CPU
		{762C680D-3AED-41C0-82EA-87EDEA87D0E8}.Debug|Any CPU.ActiveCfg = Debug|Any CPU
		{762C680D-3AED-41C0-82EA-87EDEA87D0E8}.Debug|Any CPU.Build.0 = Debug|Any CPU
		{762C680D-3AED-41C0-82EA-87EDEA87D0E8}.Release|Any CPU.ActiveCfg = Release|Any CPU
		{762C680D-3AED-41C0-82EA-87EDEA87D0E8}.Release|Any CPU.Build.0 = Release|Any CPU
		{DA203973-39AE-4D2A-BE60-3C145963C64C}.Debug|Any CPU.ActiveCfg = Debug|Any CPU
		{DA203973-39AE-4D2A-BE60-3C145963C64C}.Debug|Any CPU.Build.0 = Debug|Any CPU
		{DA203973-39AE-4D2A-BE60-3C145963C64C}.Release|Any CPU.ActiveCfg = Release|Any CPU
		{DA203973-39AE-4D2A-BE60-3C145963C64C}.Release|Any CPU.Build.0 = Release|Any CPU
		{A4E26B1A-0194-4B72-AAA5-36F24D4D2CF7}.Debug|Any CPU.ActiveCfg = Debug|Any CPU
		{A4E26B1A-0194-4B72-AAA5-36F24D4D2CF7}.Debug|Any CPU.Build.0 = Debug|Any CPU
		{A4E26B1A-0194-4B72-AAA5-36F24D4D2CF7}.Release|Any CPU.ActiveCfg = Release|Any CPU
		{A4E26B1A-0194-4B72-AAA5-36F24D4D2CF7}.Release|Any CPU.Build.0 = Release|Any CPU
		{B64719B4-1D64-4CAE-8C8D-535260F76A0D}.Debug|Any CPU.ActiveCfg = Debug|Any CPU
		{B64719B4-1D64-4CAE-8C8D-535260F76A0D}.Debug|Any CPU.Build.0 = Debug|Any CPU
		{B64719B4-1D64-4CAE-8C8D-535260F76A0D}.Release|Any CPU.ActiveCfg = Release|Any CPU
		{B64719B4-1D64-4CAE-8C8D-535260F76A0D}.Release|Any CPU.Build.0 = Release|Any CPU
	EndGlobalSection
	GlobalSection(SolutionProperties) = preSolution
		HideSolutionNode = FALSE
	EndGlobalSection
	GlobalSection(NestedProjects) = preSolution
		{518CE2A9-6016-41EA-B10D-05003C13113F} = {8AF44985-CCCF-4447-B9C5-AA91A5BE9F38}
		{A8A92FDD-B632-461E-A633-463A2588F7EB} = {A95F8CA7-E595-405C-B3A5-7325247A8AC7}
		{81699989-D938-45FC-9D04-91CE276ECCA2} = {69D266B4-68E5-451C-99D5-DDA59DC48D0F}
		{FD02C93F-2FC1-4DF3-81BE-4F00723F5ED7} = {8AF44985-CCCF-4447-B9C5-AA91A5BE9F38}
		{168C0F2A-0F1B-4313-9AE3-DBB796D4A072} = {A95F8CA7-E595-405C-B3A5-7325247A8AC7}
		{021BD3AE-B631-4646-8EC1-C17E84FA6E46} = {A4D6ADD7-8634-465A-9F7B-C29549FA8C10}
		{E823026A-DE12-4868-82BF-A92C723749BC} = {A4D6ADD7-8634-465A-9F7B-C29549FA8C10}
		{EB4518AB-9C90-455C-B35A-C5A2DEFFE12C} = {A4D6ADD7-8634-465A-9F7B-C29549FA8C10}
		{648A3E42-572F-4B48-BDDF-055101FC9CA3} = {A4D6ADD7-8634-465A-9F7B-C29549FA8C10}
		{762C680D-3AED-41C0-82EA-87EDEA87D0E8} = {A4D6ADD7-8634-465A-9F7B-C29549FA8C10}
		{DA203973-39AE-4D2A-BE60-3C145963C64C} = {A4D6ADD7-8634-465A-9F7B-C29549FA8C10}
		{8216D1EE-C689-49FB-BA65-99D04F5829A3} = {8AF44985-CCCF-4447-B9C5-AA91A5BE9F38}
		{69D266B4-68E5-451C-99D5-DDA59DC48D0F} = {8AF44985-CCCF-4447-B9C5-AA91A5BE9F38}
		{A4E26B1A-0194-4B72-AAA5-36F24D4D2CF7} = {69D266B4-68E5-451C-99D5-DDA59DC48D0F}
		{A4D6ADD7-8634-465A-9F7B-C29549FA8C10} = {8216D1EE-C689-49FB-BA65-99D04F5829A3}
		{A95F8CA7-E595-405C-B3A5-7325247A8AC7} = {8216D1EE-C689-49FB-BA65-99D04F5829A3}
		{B64719B4-1D64-4CAE-8C8D-535260F76A0D} = {69D266B4-68E5-451C-99D5-DDA59DC48D0F}
	EndGlobalSection
	GlobalSection(ExtensibilityGlobals) = postSolution
		SolutionGuid = {BF0337FC-2477-4FE5-9DA0-39591F7BBCB4}
	EndGlobalSection
EndGlobal
